
Microsoft Visual Studio Solution File, Format Version 12.00
# Visual Studio Version 17
VisualStudioVersion = 17.5.33414.496
MinimumVisualStudioVersion = 10.0.40219.1
Project("{FAE04EC0-301F-11D3-BF4B-00C04F79EFBC}") = "LabRab8", "LabRab8\LabRab8.csproj", "{2F14A045-F0E1-4ED6-8816-EDDEE70F2CB7}"
EndProject
Global
	GlobalSection(SolutionConfigurationPlatforms) = preSolution
		Debug|Any CPU = Debug|Any CPU
		Release|Any CPU = Release|Any CPU
	EndGlobalSection
	GlobalSection(ProjectConfigurationPlatforms) = postSolution
		{2F14A045-F0E1-4ED6-8816-EDDEE70F2CB7}.Debug|Any CPU.ActiveCfg = Debug|Any CPU
		{2F14A045-F0E1-4ED6-8816-EDDEE70F2CB7}.Debug|Any CPU.Build.0 = Debug|Any CPU
		{2F14A045-F0E1-4ED6-8816-EDDEE70F2CB7}.Release|Any CPU.ActiveCfg = Release|Any CPU
		{2F14A045-F0E1-4ED6-8816-EDDEE70F2CB7}.Release|Any CPU.Build.0 = Release|Any CPU
	EndGlobalSection
	GlobalSection(SolutionProperties) = preSolution
		HideSolutionNode = FALSE
	EndGlobalSection
	GlobalSection(ExtensibilityGlobals) = postSolution
		SolutionGuid = {9B1260F2-8D0A-4278-B17E-00119520691E}
	EndGlobalSection
EndGlobal
